
Microsoft Visual Studio Solution File, Format Version 12.00
# Visual Studio Version 17
VisualStudioVersion = 17.11.35327.3
MinimumVisualStudioVersion = 10.0.40219.1
Project("{9A19103F-16F7-4668-BE54-9A1E7A4F7556}") = "App.Services", "App.Services\App.Services.csproj", "{EE1690BE-611B-4EF6-A0FC-2E55BEECBEDC}"
	ProjectSection(ProjectDependencies) = postProject
		{54663CF3-6BE2-4A8B-B275-D6C246FC1C74} = {54663CF3-6BE2-4A8B-B275-D6C246FC1C74}
	EndProjectSection
EndProject
Project("{9A19103F-16F7-4668-BE54-9A1E7A4F7556}") = "App.API", "App.API\App.API.csproj", "{D46DC04C-BE8C-40F1-A298-7B12E8515B5F}"
EndProject
Project("{9A19103F-16F7-4668-BE54-9A1E7A4F7556}") = "App.Repositories", "App.Repositories\App.Repositories.csproj", "{54663CF3-6BE2-4A8B-B275-D6C246FC1C74}"
EndProject
Global
	GlobalSection(SolutionConfigurationPlatforms) = preSolution
		Debug|Any CPU = Debug|Any CPU
		Release|Any CPU = Release|Any CPU
	EndGlobalSection
	GlobalSection(ProjectConfigurationPlatforms) = postSolution
		{EE1690BE-611B-4EF6-A0FC-2E55BEECBEDC}.Debug|Any CPU.ActiveCfg = Debug|Any CPU
		{EE1690BE-611B-4EF6-A0FC-2E55BEECBEDC}.Debug|Any CPU.Build.0 = Debug|Any CPU
		{EE1690BE-611B-4EF6-A0FC-2E55BEECBEDC}.Release|Any CPU.ActiveCfg = Release|Any CPU
		{EE1690BE-611B-4EF6-A0FC-2E55BEECBEDC}.Release|Any CPU.Build.0 = Release|Any CPU
		{D46DC04C-BE8C-40F1-A298-7B12E8515B5F}.Debug|Any CPU.ActiveCfg = Debug|Any CPU
		{D46DC04C-BE8C-40F1-A298-7B12E8515B5F}.Debug|Any CPU.Build.0 = Debug|Any CPU
		{D46DC04C-BE8C-40F1-A298-7B12E8515B5F}.Release|Any CPU.ActiveCfg = Release|Any CPU
		{D46DC04C-BE8C-40F1-A298-7B12E8515B5F}.Release|Any CPU.Build.0 = Release|Any CPU
		{54663CF3-6BE2-4A8B-B275-D6C246FC1C74}.Debug|Any CPU.ActiveCfg = Debug|Any CPU
		{54663CF3-6BE2-4A8B-B275-D6C246FC1C74}.Debug|Any CPU.Build.0 = Debug|Any CPU
		{54663CF3-6BE2-4A8B-B275-D6C246FC1C74}.Release|Any CPU.ActiveCfg = Release|Any CPU
		{54663CF3-6BE2-4A8B-B275-D6C246FC1C74}.Release|Any CPU.Build.0 = Release|Any CPU
	EndGlobalSection
	GlobalSection(SolutionProperties) = preSolution
		HideSolutionNode = FALSE
	EndGlobalSection
	GlobalSection(ExtensibilityGlobals) = postSolution
		SolutionGuid = {59F40203-4AE2-4851-A0DC-F0E3E1CD6616}
	EndGlobalSection
EndGlobal
